
Microsoft Visual Studio Solution File, Format Version 12.00
# Visual Studio 15
VisualStudioVersion = 15.0.28307.572
MinimumVisualStudioVersion = 10.0.40219.1
Project("{8BC9CEB8-8B4A-11D0-8D11-00A0C91BC942}") = "dota2tool", "dota2tool\dota2tool.vcxproj", "{794F5C96-391F-416B-8BBF-FAF8DA253EC2}"
EndProject
Global
	GlobalSection(SolutionConfigurationPlatforms) = preSolution
		Debug|x64 = Debug|x64
		Debug|x86 = Debug|x86
		Release|x64 = Release|x64
		Release|x86 = Release|x86
	EndGlobalSection
	GlobalSection(ProjectConfigurationPlatforms) = postSolution
		{794F5C96-391F-416B-8BBF-FAF8DA253EC2}.Debug|x64.ActiveCfg = Debug|x64
		{794F5C96-391F-416B-8BBF-FAF8DA253EC2}.Debug|x64.Build.0 = Debug|x64
		{794F5C96-391F-416B-8BBF-FAF8DA253EC2}.Debug|x86.ActiveCfg = Debug|Win32
		{794F5C96-391F-416B-8BBF-FAF8DA253EC2}.Debug|x86.Build.0 = Debug|Win32
		{794F5C96-391F-416B-8BBF-FAF8DA253EC2}.Release|x64.ActiveCfg = Release|x64
		{794F5C96-391F-416B-8BBF-FAF8DA253EC2}.Release|x64.Build.0 = Release|x64
		{794F5C96-391F-416B-8BBF-FAF8DA253EC2}.Release|x86.ActiveCfg = Release|Win32
		{794F5C96-391F-416B-8BBF-FAF8DA253EC2}.Release|x86.Build.0 = Release|Win32
	EndGlobalSection
	GlobalSection(SolutionProperties) = preSolution
		HideSolutionNode = FALSE
	EndGlobalSection
	GlobalSection(ExtensibilityGlobals) = postSolution
		SolutionGuid = {FA1C473D-F105-4288-8E74-FEF0B704D59D}
	EndGlobalSection
EndGlobal
